{
  "name": "Spiff Data",
  "lockfileVersion": 2,
  "requires": true,
  "packages": {
    "": {
      "dependencies": {
        "serve-dot-js": "^0.0.1"
      }
    },
    "node_modules/serve-dot-js": {
      "version": "0.0.1",
      "resolved": "https://registry.npmjs.org/serve-dot-js/-/serve-dot-js-0.0.1.tgz",
      "integrity": "sha512-tz4wqhD7n+pv6vlPLlvJlwPzVFI5Q1qcn3w/S/CMxfyG2aUlzVj9Y1kbqg3Yd9N5g8JEY3hvlaxPqK7XV2TOcA=="
    }
  },
  "dependencies": {
    "serve-dot-js": {
      "version": "0.0.1",
      "resolved": "https://registry.npmjs.org/serve-dot-js/-/serve-dot-js-0.0.1.tgz",
      "integrity": "sha512-tz4wqhD7n+pv6vlPLlvJlwPzVFI5Q1qcn3w/S/CMxfyG2aUlzVj9Y1kbqg3Yd9N5g8JEY3hvlaxPqK7XV2TOcA=="
    }
  }
}
